
Microsoft Visual Studio Solution File, Format Version 12.00
# Visual Studio Version 17
VisualStudioVersion = 17.10.35013.160
MinimumVisualStudioVersion = 10.0.40219.1
Project("{FAE04EC0-301F-11D3-BF4B-00C04F79EFBC}") = "SubsequenceFinder", "SubsequenceFinder\SubsequenceFinder.csproj", "{61EA9DDE-C516-4597-B3C0-C5131905B91B}"
EndProject
Project("{FAE04EC0-301F-11D3-BF4B-00C04F79EFBC}") = "SubsequenceFinder.Unit.Tests", "SubsequenceFinder.Tests\SubsequenceFinder.Unit.Tests.csproj", "{CBADFB67-FFC7-4F0E-B655-15885A559869}"
EndProject
Global
	GlobalSection(SolutionConfigurationPlatforms) = preSolution
		Debug|Any CPU = Debug|Any CPU
		Debug|x64 = Debug|x64
		Debug|x86 = Debug|x86
		Release|Any CPU = Release|Any CPU
		Release|x64 = Release|x64
		Release|x86 = Release|x86
	EndGlobalSection
	GlobalSection(ProjectConfigurationPlatforms) = postSolution
		{61EA9DDE-C516-4597-B3C0-C5131905B91B}.Debug|Any CPU.ActiveCfg = Debug|Any CPU
		{61EA9DDE-C516-4597-B3C0-C5131905B91B}.Debug|Any CPU.Build.0 = Debug|Any CPU
		{61EA9DDE-C516-4597-B3C0-C5131905B91B}.Debug|x64.ActiveCfg = Debug|Any CPU
		{61EA9DDE-C516-4597-B3C0-C5131905B91B}.Debug|x64.Build.0 = Debug|Any CPU
		{61EA9DDE-C516-4597-B3C0-C5131905B91B}.Debug|x86.ActiveCfg = Debug|Any CPU
		{61EA9DDE-C516-4597-B3C0-C5131905B91B}.Debug|x86.Build.0 = Debug|Any CPU
		{61EA9DDE-C516-4597-B3C0-C5131905B91B}.Release|Any CPU.ActiveCfg = Release|Any CPU
		{61EA9DDE-C516-4597-B3C0-C5131905B91B}.Release|Any CPU.Build.0 = Release|Any CPU
		{61EA9DDE-C516-4597-B3C0-C5131905B91B}.Release|x64.ActiveCfg = Release|Any CPU
		{61EA9DDE-C516-4597-B3C0-C5131905B91B}.Release|x64.Build.0 = Release|Any CPU
		{61EA9DDE-C516-4597-B3C0-C5131905B91B}.Release|x86.ActiveCfg = Release|Any CPU
		{61EA9DDE-C516-4597-B3C0-C5131905B91B}.Release|x86.Build.0 = Release|Any CPU
		{CBADFB67-FFC7-4F0E-B655-15885A559869}.Debug|Any CPU.ActiveCfg = Debug|Any CPU
		{CBADFB67-FFC7-4F0E-B655-15885A559869}.Debug|Any CPU.Build.0 = Debug|Any CPU
		{CBADFB67-FFC7-4F0E-B655-15885A559869}.Debug|x64.ActiveCfg = Debug|Any CPU
		{CBADFB67-FFC7-4F0E-B655-15885A559869}.Debug|x64.Build.0 = Debug|Any CPU
		{CBADFB67-FFC7-4F0E-B655-15885A559869}.Debug|x86.ActiveCfg = Debug|Any CPU
		{CBADFB67-FFC7-4F0E-B655-15885A559869}.Debug|x86.Build.0 = Debug|Any CPU
		{CBADFB67-FFC7-4F0E-B655-15885A559869}.Release|Any CPU.ActiveCfg = Release|Any CPU
		{CBADFB67-FFC7-4F0E-B655-15885A559869}.Release|Any CPU.Build.0 = Release|Any CPU
		{CBADFB67-FFC7-4F0E-B655-15885A559869}.Release|x64.ActiveCfg = Release|Any CPU
		{CBADFB67-FFC7-4F0E-B655-15885A559869}.Release|x64.Build.0 = Release|Any CPU
		{CBADFB67-FFC7-4F0E-B655-15885A559869}.Release|x86.ActiveCfg = Release|Any CPU
		{CBADFB67-FFC7-4F0E-B655-15885A559869}.Release|x86.Build.0 = Release|Any CPU
	EndGlobalSection
	GlobalSection(SolutionProperties) = preSolution
		HideSolutionNode = FALSE
	EndGlobalSection
	GlobalSection(ExtensibilityGlobals) = postSolution
		SolutionGuid = {0A0D54C8-457D-4EB7-A0EB-CA5F791C1203}
	EndGlobalSection
EndGlobal
